
Microsoft Visual Studio Solution File, Format Version 12.00
# Visual Studio Version 16
VisualStudioVersion = 16.0.29613.14
MinimumVisualStudioVersion = 10.0.40219.1
Project("{9A19103F-16F7-4668-BE54-9A1E7A4F7556}") = "OfficeLad.Services.VehicleManagement.Domain", "OfficeLad.Services.VehicleManagement.Domain\OfficeLad.Services.VehicleManagement.Domain.csproj", "{8CFA8D6E-1B7F-40D3-B738-606F4D19B93A}"
EndProject
Project("{2150E333-8FDC-42A3-9474-1A3956D46DE8}") = "VehicleManagement", "VehicleManagement", "{9DA973E5-2BC1-48A7-A628-470562061B4C}"
EndProject
Project("{9A19103F-16F7-4668-BE54-9A1E7A4F7556}") = "OfficeLad.Services.VehicleManagement.Application", "OfficeLad.Services.VehicleManagement.Application\OfficeLad.Services.VehicleManagement.Application.csproj", "{A28B46D6-8800-47FA-B6C6-5B5AD78F16C5}"
EndProject
Project("{9A19103F-16F7-4668-BE54-9A1E7A4F7556}") = "OfficeLad.Services.VehicleManagement.Persistence", "OfficeLad.Services.VehicleManagement.Persistence\OfficeLad.Services.VehicleManagement.Persistence.csproj", "{4F1B103E-C920-4B9A-94B6-2532DE50C247}"
EndProject
Project("{9A19103F-16F7-4668-BE54-9A1E7A4F7556}") = "OfficeLad.Services.VehicleManagement.Infrastructure", "OfficeLad.Services.VehicleManagement.Infrastructure\OfficeLad.Services.VehicleManagement.Infrastructure.csproj", "{B0FF2CAB-81B2-4487-9B28-BFC420C1A3E1}"
EndProject
Project("{9A19103F-16F7-4668-BE54-9A1E7A4F7556}") = "OfficeLad.Services.VehicleManagement.Api", "OfficeLad.Services.VehicleManagement.Api\OfficeLad.Services.VehicleManagement.Api.csproj", "{50DE9593-CA3D-4D10-A2B8-25442B6A0135}"
EndProject
Project("{2150E333-8FDC-42A3-9474-1A3956D46DE8}") = "ParkingSpaceManagement", "ParkingSpaceManagement", "{10DB89F1-8D3A-4E66-A1C6-A7FE8C9C1E57}"
EndProject
Project("{2150E333-8FDC-42A3-9474-1A3956D46DE8}") = "CubicleSpaceManagement", "CubicleSpaceManagement", "{F0507180-7DF1-4199-A067-B03800E2F59E}"
EndProject
Project("{9A19103F-16F7-4668-BE54-9A1E7A4F7556}") = "OfficeLad.Services.CubicleSpaceManagement.Domain", "OfficeLad.Services.CubicleSpaceManagement.Domain\OfficeLad.Services.CubicleSpaceManagement.Domain.csproj", "{DA97F97D-235E-4845-B0D6-E88DA75BC5AB}"
EndProject
Project("{9A19103F-16F7-4668-BE54-9A1E7A4F7556}") = "OfficeLad.Services.CubicleSpaceManagement.Application", "OfficeLad.Services.CubicleSpaceManagement.Application\OfficeLad.Services.CubicleSpaceManagement.Application.csproj", "{0813B45A-5998-4295-921E-02142ED59C09}"
EndProject
Project("{9A19103F-16F7-4668-BE54-9A1E7A4F7556}") = "OfficeLad.Services.CubicleSpaceManagement.Infrastructure", "OfficeLad.Services.CubicleSpaceManagement.Infrastructure\OfficeLad.Services.CubicleSpaceManagement.Infrastructure.csproj", "{7ED272D0-35D1-42E6-916E-BFEB41D6FA16}"
EndProject
Project("{9A19103F-16F7-4668-BE54-9A1E7A4F7556}") = "OfficeLad.Services.CubicleSpaceManagement.Persistence", "OfficeLad.Services.CubicleSpaceManagement.Persistence\OfficeLad.Services.CubicleSpaceManagement.Persistence.csproj", "{C704C75E-AD42-4576-8509-44F715EFAD8A}"
EndProject
Project("{9A19103F-16F7-4668-BE54-9A1E7A4F7556}") = "OfficeLad.Services.CubicleSpaceManagement.Api", "OfficeLad.Services.CubicleSpaceManagement.Api\OfficeLad.Services.CubicleSpaceManagement.Api.csproj", "{C7BF137D-AD1E-49A0-9C00-3B41CB1D9D37}"
EndProject
Project("{9A19103F-16F7-4668-BE54-9A1E7A4F7556}") = "OfficeLad.Services.ParkingSpaceManagement.Api", "OfficeLad.Services.ParkingSpaceManagement.Api\OfficeLad.Services.ParkingSpaceManagement.Api.csproj", "{42469534-F950-4A1A-8885-F442E366D2BC}"
EndProject
Project("{9A19103F-16F7-4668-BE54-9A1E7A4F7556}") = "OfficeLad.Services.ParkingSpaceManagement.Domain", "OfficeLad.Services.ParkingSpaceManagement.Domain\OfficeLad.Services.ParkingSpaceManagement.Domain.csproj", "{46A8187E-AF90-4B8A-9BDE-3ACDC423D8C4}"
EndProject
Project("{9A19103F-16F7-4668-BE54-9A1E7A4F7556}") = "OfficeLad.Services.ParkingSpaceManagement.Application", "OfficeLad.Services.ParkingSpaceManagement.Application\OfficeLad.Services.ParkingSpaceManagement.Application.csproj", "{17424FB0-CC4D-419F-97D3-EDCA3589E815}"
EndProject
Project("{9A19103F-16F7-4668-BE54-9A1E7A4F7556}") = "OfficeLad.Services.ParkingSpaceManagement.Infrastructure", "OfficeLad.Services.ParkingSpaceManagement.Infrastructure\OfficeLad.Services.ParkingSpaceManagement.Infrastructure.csproj", "{B4F3AE03-DBA6-426B-85B8-9B5272447900}"
EndProject
Project("{9A19103F-16F7-4668-BE54-9A1E7A4F7556}") = "OfficeLad.Services.ParkingSpaceManagement.Persistence", "OfficeLad.Services.ParkingSpaceManagement.Persistence\OfficeLad.Services.ParkingSpaceManagement.Persistence.csproj", "{6F659C1D-78C0-4177-8466-B5566955CFF0}"
EndProject
Project("{2150E333-8FDC-42A3-9474-1A3956D46DE8}") = "ApiGateway", "ApiGateway", "{C8F26363-7FA3-4084-A661-A86A9B4740E9}"
EndProject
Project("{9A19103F-16F7-4668-BE54-9A1E7A4F7556}") = "OfficeLad.Services.ApiGateway", "OfficeLad.Services.ApiGateway\OfficeLad.Services.ApiGateway.csproj", "{144259E6-8AB8-4094-99A9-835BD7A9E3F8}"
EndProject
Project("{2150E333-8FDC-42A3-9474-1A3956D46DE8}") = "TimeService", "TimeService", "{BEA9E53C-85C6-4DD0-AB8E-49F4791F5BD9}"
EndProject
Project("{2150E333-8FDC-42A3-9474-1A3956D46DE8}") = "NotificationService", "NotificationService", "{8E8018F8-05CE-4ED4-A8A4-007AC6A138C3}"
EndProject
Project("{9A19103F-16F7-4668-BE54-9A1E7A4F7556}") = "OfficeLad.Services.TimeService", "OfficeLad.Services.TimeService\OfficeLad.Services.TimeService.csproj", "{DFD0EDC1-48D5-4F2E-81CF-9ED98552FF19}"
EndProject
Project("{9A19103F-16F7-4668-BE54-9A1E7A4F7556}") = "OfficeLad.Services.NotificationService", "OfficeLad.Services.NotificationService\OfficeLad.Services.NotificationService.csproj", "{62B44983-B400-471F-909B-D5F4C67C3753}"
EndProject
Project("{2150E333-8FDC-42A3-9474-1A3956D46DE8}") = "SolutionItems", "SolutionItems", "{B0E1C097-0D14-445B-9E62-C4F1B6695577}"
	ProjectSection(SolutionItems) = preProject
		SolutionItems\stylecop.json = SolutionItems\stylecop.json
	EndProjectSection
EndProject
Global
	GlobalSection(SolutionConfigurationPlatforms) = preSolution
		Debug|Any CPU = Debug|Any CPU
		Release|Any CPU = Release|Any CPU
	EndGlobalSection
	GlobalSection(ProjectConfigurationPlatforms) = postSolution
		{8CFA8D6E-1B7F-40D3-B738-606F4D19B93A}.Debug|Any CPU.ActiveCfg = Debug|Any CPU
		{8CFA8D6E-1B7F-40D3-B738-606F4D19B93A}.Debug|Any CPU.Build.0 = Debug|Any CPU
		{8CFA8D6E-1B7F-40D3-B738-606F4D19B93A}.Release|Any CPU.ActiveCfg = Release|Any CPU
		{8CFA8D6E-1B7F-40D3-B738-606F4D19B93A}.Release|Any CPU.Build.0 = Release|Any CPU
		{A28B46D6-8800-47FA-B6C6-5B5AD78F16C5}.Debug|Any CPU.ActiveCfg = Debug|Any CPU
		{A28B46D6-8800-47FA-B6C6-5B5AD78F16C5}.Debug|Any CPU.Build.0 = Debug|Any CPU
		{A28B46D6-8800-47FA-B6C6-5B5AD78F16C5}.Release|Any CPU.ActiveCfg = Release|Any CPU
		{A28B46D6-8800-47FA-B6C6-5B5AD78F16C5}.Release|Any CPU.Build.0 = Release|Any CPU
		{4F1B103E-C920-4B9A-94B6-2532DE50C247}.Debug|Any CPU.ActiveCfg = Debug|Any CPU
		{4F1B103E-C920-4B9A-94B6-2532DE50C247}.Debug|Any CPU.Build.0 = Debug|Any CPU
		{4F1B103E-C920-4B9A-94B6-2532DE50C247}.Release|Any CPU.ActiveCfg = Release|Any CPU
		{4F1B103E-C920-4B9A-94B6-2532DE50C247}.Release|Any CPU.Build.0 = Release|Any CPU
		{B0FF2CAB-81B2-4487-9B28-BFC420C1A3E1}.Debug|Any CPU.ActiveCfg = Debug|Any CPU
		{B0FF2CAB-81B2-4487-9B28-BFC420C1A3E1}.Debug|Any CPU.Build.0 = Debug|Any CPU
		{B0FF2CAB-81B2-4487-9B28-BFC420C1A3E1}.Release|Any CPU.ActiveCfg = Release|Any CPU
		{B0FF2CAB-81B2-4487-9B28-BFC420C1A3E1}.Release|Any CPU.Build.0 = Release|Any CPU
		{50DE9593-CA3D-4D10-A2B8-25442B6A0135}.Debug|Any CPU.ActiveCfg = Debug|Any CPU
		{50DE9593-CA3D-4D10-A2B8-25442B6A0135}.Debug|Any CPU.Build.0 = Debug|Any CPU
		{50DE9593-CA3D-4D10-A2B8-25442B6A0135}.Release|Any CPU.ActiveCfg = Release|Any CPU
		{50DE9593-CA3D-4D10-A2B8-25442B6A0135}.Release|Any CPU.Build.0 = Release|Any CPU
		{DA97F97D-235E-4845-B0D6-E88DA75BC5AB}.Debug|Any CPU.ActiveCfg = Debug|Any CPU
		{DA97F97D-235E-4845-B0D6-E88DA75BC5AB}.Debug|Any CPU.Build.0 = Debug|Any CPU
		{DA97F97D-235E-4845-B0D6-E88DA75BC5AB}.Release|Any CPU.ActiveCfg = Release|Any CPU
		{DA97F97D-235E-4845-B0D6-E88DA75BC5AB}.Release|Any CPU.Build.0 = Release|Any CPU
		{0813B45A-5998-4295-921E-02142ED59C09}.Debug|Any CPU.ActiveCfg = Debug|Any CPU
		{0813B45A-5998-4295-921E-02142ED59C09}.Debug|Any CPU.Build.0 = Debug|Any CPU
		{0813B45A-5998-4295-921E-02142ED59C09}.Release|Any CPU.ActiveCfg = Release|Any CPU
		{0813B45A-5998-4295-921E-02142ED59C09}.Release|Any CPU.Build.0 = Release|Any CPU
		{7ED272D0-35D1-42E6-916E-BFEB41D6FA16}.Debug|Any CPU.ActiveCfg = Debug|Any CPU
		{7ED272D0-35D1-42E6-916E-BFEB41D6FA16}.Debug|Any CPU.Build.0 = Debug|Any CPU
		{7ED272D0-35D1-42E6-916E-BFEB41D6FA16}.Release|Any CPU.ActiveCfg = Release|Any CPU
		{7ED272D0-35D1-42E6-916E-BFEB41D6FA16}.Release|Any CPU.Build.0 = Release|Any CPU
		{C704C75E-AD42-4576-8509-44F715EFAD8A}.Debug|Any CPU.ActiveCfg = Debug|Any CPU
		{C704C75E-AD42-4576-8509-44F715EFAD8A}.Debug|Any CPU.Build.0 = Debug|Any CPU
		{C704C75E-AD42-4576-8509-44F715EFAD8A}.Release|Any CPU.ActiveCfg = Release|Any CPU
		{C704C75E-AD42-4576-8509-44F715EFAD8A}.Release|Any CPU.Build.0 = Release|Any CPU
		{C7BF137D-AD1E-49A0-9C00-3B41CB1D9D37}.Debug|Any CPU.ActiveCfg = Debug|Any CPU
		{C7BF137D-AD1E-49A0-9C00-3B41CB1D9D37}.Debug|Any CPU.Build.0 = Debug|Any CPU
		{C7BF137D-AD1E-49A0-9C00-3B41CB1D9D37}.Release|Any CPU.ActiveCfg = Release|Any CPU
		{C7BF137D-AD1E-49A0-9C00-3B41CB1D9D37}.Release|Any CPU.Build.0 = Release|Any CPU
		{42469534-F950-4A1A-8885-F442E366D2BC}.Debug|Any CPU.ActiveCfg = Debug|Any CPU
		{42469534-F950-4A1A-8885-F442E366D2BC}.Debug|Any CPU.Build.0 = Debug|Any CPU
		{42469534-F950-4A1A-8885-F442E366D2BC}.Release|Any CPU.ActiveCfg = Release|Any CPU
		{42469534-F950-4A1A-8885-F442E366D2BC}.Release|Any CPU.Build.0 = Release|Any CPU
		{46A8187E-AF90-4B8A-9BDE-3ACDC423D8C4}.Debug|Any CPU.ActiveCfg = Debug|Any CPU
		{46A8187E-AF90-4B8A-9BDE-3ACDC423D8C4}.Debug|Any CPU.Build.0 = Debug|Any CPU
		{46A8187E-AF90-4B8A-9BDE-3ACDC423D8C4}.Release|Any CPU.ActiveCfg = Release|Any CPU
		{46A8187E-AF90-4B8A-9BDE-3ACDC423D8C4}.Release|Any CPU.Build.0 = Release|Any CPU
		{17424FB0-CC4D-419F-97D3-EDCA3589E815}.Debug|Any CPU.ActiveCfg = Debug|Any CPU
		{17424FB0-CC4D-419F-97D3-EDCA3589E815}.Debug|Any CPU.Build.0 = Debug|Any CPU
		{17424FB0-CC4D-419F-97D3-EDCA3589E815}.Release|Any CPU.ActiveCfg = Release|Any CPU
		{17424FB0-CC4D-419F-97D3-EDCA3589E815}.Release|Any CPU.Build.0 = Release|Any CPU
		{B4F3AE03-DBA6-426B-85B8-9B5272447900}.Debug|Any CPU.ActiveCfg = Debug|Any CPU
		{B4F3AE03-DBA6-426B-85B8-9B5272447900}.Debug|Any CPU.Build.0 = Debug|Any CPU
		{B4F3AE03-DBA6-426B-85B8-9B5272447900}.Release|Any CPU.ActiveCfg = Release|Any CPU
		{B4F3AE03-DBA6-426B-85B8-9B5272447900}.Release|Any CPU.Build.0 = Release|Any CPU
		{6F659C1D-78C0-4177-8466-B5566955CFF0}.Debug|Any CPU.ActiveCfg = Debug|Any CPU
		{6F659C1D-78C0-4177-8466-B5566955CFF0}.Debug|Any CPU.Build.0 = Debug|Any CPU
		{6F659C1D-78C0-4177-8466-B5566955CFF0}.Release|Any CPU.ActiveCfg = Release|Any CPU
		{6F659C1D-78C0-4177-8466-B5566955CFF0}.Release|Any CPU.Build.0 = Release|Any CPU
		{144259E6-8AB8-4094-99A9-835BD7A9E3F8}.Debug|Any CPU.ActiveCfg = Debug|Any CPU
		{144259E6-8AB8-4094-99A9-835BD7A9E3F8}.Debug|Any CPU.Build.0 = Debug|Any CPU
		{144259E6-8AB8-4094-99A9-835BD7A9E3F8}.Release|Any CPU.ActiveCfg = Release|Any CPU
		{144259E6-8AB8-4094-99A9-835BD7A9E3F8}.Release|Any CPU.Build.0 = Release|Any CPU
		{DFD0EDC1-48D5-4F2E-81CF-9ED98552FF19}.Debug|Any CPU.ActiveCfg = Debug|Any CPU
		{DFD0EDC1-48D5-4F2E-81CF-9ED98552FF19}.Debug|Any CPU.Build.0 = Debug|Any CPU
		{DFD0EDC1-48D5-4F2E-81CF-9ED98552FF19}.Release|Any CPU.ActiveCfg = Release|Any CPU
		{DFD0EDC1-48D5-4F2E-81CF-9ED98552FF19}.Release|Any CPU.Build.0 = Release|Any CPU
		{62B44983-B400-471F-909B-D5F4C67C3753}.Debug|Any CPU.ActiveCfg = Debug|Any CPU
		{62B44983-B400-471F-909B-D5F4C67C3753}.Debug|Any CPU.Build.0 = Debug|Any CPU
		{62B44983-B400-471F-909B-D5F4C67C3753}.Release|Any CPU.ActiveCfg = Release|Any CPU
		{62B44983-B400-471F-909B-D5F4C67C3753}.Release|Any CPU.Build.0 = Release|Any CPU
	EndGlobalSection
	GlobalSection(SolutionProperties) = preSolution
		HideSolutionNode = FALSE
	EndGlobalSection
	GlobalSection(NestedProjects) = preSolution
		{8CFA8D6E-1B7F-40D3-B738-606F4D19B93A} = {9DA973E5-2BC1-48A7-A628-470562061B4C}
		{A28B46D6-8800-47FA-B6C6-5B5AD78F16C5} = {9DA973E5-2BC1-48A7-A628-470562061B4C}
		{4F1B103E-C920-4B9A-94B6-2532DE50C247} = {9DA973E5-2BC1-48A7-A628-470562061B4C}
		{B0FF2CAB-81B2-4487-9B28-BFC420C1A3E1} = {9DA973E5-2BC1-48A7-A628-470562061B4C}
		{50DE9593-CA3D-4D10-A2B8-25442B6A0135} = {9DA973E5-2BC1-48A7-A628-470562061B4C}
		{DA97F97D-235E-4845-B0D6-E88DA75BC5AB} = {F0507180-7DF1-4199-A067-B03800E2F59E}
		{0813B45A-5998-4295-921E-02142ED59C09} = {F0507180-7DF1-4199-A067-B03800E2F59E}
		{7ED272D0-35D1-42E6-916E-BFEB41D6FA16} = {F0507180-7DF1-4199-A067-B03800E2F59E}
		{C704C75E-AD42-4576-8509-44F715EFAD8A} = {F0507180-7DF1-4199-A067-B03800E2F59E}
		{C7BF137D-AD1E-49A0-9C00-3B41CB1D9D37} = {F0507180-7DF1-4199-A067-B03800E2F59E}
		{42469534-F950-4A1A-8885-F442E366D2BC} = {10DB89F1-8D3A-4E66-A1C6-A7FE8C9C1E57}
		{46A8187E-AF90-4B8A-9BDE-3ACDC423D8C4} = {10DB89F1-8D3A-4E66-A1C6-A7FE8C9C1E57}
		{17424FB0-CC4D-419F-97D3-EDCA3589E815} = {10DB89F1-8D3A-4E66-A1C6-A7FE8C9C1E57}
		{B4F3AE03-DBA6-426B-85B8-9B5272447900} = {10DB89F1-8D3A-4E66-A1C6-A7FE8C9C1E57}
		{6F659C1D-78C0-4177-8466-B5566955CFF0} = {10DB89F1-8D3A-4E66-A1C6-A7FE8C9C1E57}
		{144259E6-8AB8-4094-99A9-835BD7A9E3F8} = {C8F26363-7FA3-4084-A661-A86A9B4740E9}
		{DFD0EDC1-48D5-4F2E-81CF-9ED98552FF19} = {BEA9E53C-85C6-4DD0-AB8E-49F4791F5BD9}
		{62B44983-B400-471F-909B-D5F4C67C3753} = {8E8018F8-05CE-4ED4-A8A4-007AC6A138C3}
	EndGlobalSection
	GlobalSection(ExtensibilityGlobals) = postSolution
		SolutionGuid = {73F94F04-B562-43D3-9A1A-7163AF9B6A34}
	EndGlobalSection
EndGlobal
